
Microsoft Visual Studio Solution File, Format Version 12.00
# Visual Studio 15
VisualStudioVersion = 15.0.27428.2005
MinimumVisualStudioVersion = 10.0.40219.1
Project("{8BC9CEB8-8B4A-11D0-8D11-00A0C91BC942}") = "fat_vc", "fat_vc.vcxproj", "{46574575-3276-4621-99D5-2D48C900BD4D}"
EndProject
Global
	GlobalSection(SolutionConfigurationPlatforms) = preSolution
		Debug|Win32 = Debug|Win32
		Release|Win32 = Release|Win32
	EndGlobalSection
	GlobalSection(ProjectConfigurationPlatforms) = postSolution
		{46574575-3276-4621-99D5-2D48C900BD4D}.Debug|Win32.ActiveCfg = Debug|Win32
		{46574575-3276-4621-99D5-2D48C900BD4D}.Debug|Win32.Build.0 = Debug|Win32
		{46574575-3276-4621-99D5-2D48C900BD4D}.Release|Win32.ActiveCfg = Release|Win32
		{46574575-3276-4621-99D5-2D48C900BD4D}.Release|Win32.Build.0 = Release|Win32
	EndGlobalSection
	GlobalSection(SolutionProperties) = preSolution
		HideSolutionNode = FALSE
	EndGlobalSection
	GlobalSection(ExtensibilityGlobals) = postSolution
		SolutionGuid = {135E283F-FF53-4985-AF21-2892F564D85B}
	EndGlobalSection
EndGlobal
